<Solution>
  <Folder Name="/Solution Items/">
    <File Path="../.editorconfig" />
    <File Path="appveyor.yml" />
    <File Path="Directory.Build.props" />
    <File Path="Directory.Packages.props" />
    <File Path="global.json" />
  </Folder>
  <Project Path="CountryData.Bogus/CountryData.Bogus.csproj" />
  <Project Path="CountryData/CountryData.csproj" />
  <Project Path="Tests/Tests.csproj" />
</Solution>
